
Microsoft Visual Studio Solution File, Format Version 12.00
# Visual Studio Version 17
VisualStudioVersion = 17.13.35931.197 d17.13
MinimumVisualStudioVersion = 10.0.40219.1
Project("{FAE04EC0-301F-11D3-BF4B-00C04F79EFBC}") = "Calc", "Calc\Calc.csproj", "{01DCEF15-80AF-496C-B77B-D7EE0CF833B0}"
EndProject
Global
	GlobalSection(SolutionConfigurationPlatforms) = preSolution
		Debug|Any CPU = Debug|Any CPU
		Release|Any CPU = Release|Any CPU
	EndGlobalSection
	GlobalSection(ProjectConfigurationPlatforms) = postSolution
		{01DCEF15-80AF-496C-B77B-D7EE0CF833B0}.Debug|Any CPU.ActiveCfg = Debug|Any CPU
		{01DCEF15-80AF-496C-B77B-D7EE0CF833B0}.Debug|Any CPU.Build.0 = Debug|Any CPU
		{01DCEF15-80AF-496C-B77B-D7EE0CF833B0}.Release|Any CPU.ActiveCfg = Release|Any CPU
		{01DCEF15-80AF-496C-B77B-D7EE0CF833B0}.Release|Any CPU.Build.0 = Release|Any CPU
	EndGlobalSection
	GlobalSection(SolutionProperties) = preSolution
		HideSolutionNode = FALSE
	EndGlobalSection
	GlobalSection(ExtensibilityGlobals) = postSolution
		SolutionGuid = {E258A049-5FC0-48E7-BAF2-684457FD9F6D}
	EndGlobalSection
EndGlobal
